
Microsoft Visual Studio Solution File, Format Version 12.00
# Visual Studio 15
VisualStudioVersion = 15.0.28307.705
MinimumVisualStudioVersion = 10.0.40219.1
Project("{9A19103F-16F7-4668-BE54-9A1E7A4F7556}") = "CommonEntities", "common-entities\CommonEntities.csproj", "{915F2147-92B9-4A1C-9930-F96EAFB6539C}"
EndProject
Project("{9A19103F-16F7-4668-BE54-9A1E7A4F7556}") = "ServiceBusRPC", "..\ServiceBusMessaging\ServiceBusRPC\ServiceBusRPC.csproj", "{E8A2EA5A-8CDB-4990-B2DD-A5DAFF849A28}"
EndProject
Project("{9A19103F-16F7-4668-BE54-9A1E7A4F7556}") = "DependentAPI", "seiu-api\DependentsAPI\DependentAPI.csproj", "{2A73A013-A6D9-461A-9752-6B9686C52525}"
EndProject
Project("{9A19103F-16F7-4668-BE54-9A1E7A4F7556}") = "CommonCoreEntities", "CommonCoreEntities\CommonCoreEntities.csproj", "{DEC03FD6-7654-4E8F-B786-6567E1847A33}"
EndProject
Project("{2150E333-8FDC-42A3-9474-1A3956D46DE8}") = "DNNModules", "DNNModules", "{3F550DC6-F830-495C-A048-661D7BF1A717}"
EndProject
Project("{2150E333-8FDC-42A3-9474-1A3956D46DE8}") = "APIs", "APIs", "{78048355-866B-49AB-96AE-C1216D5CE7A0}"
EndProject
Project("{2150E333-8FDC-42A3-9474-1A3956D46DE8}") = "_CommonEntities", "_CommonEntities", "{A7A4D3F6-4624-4A8E-BC31-64AC17994EF0}"
EndProject
Project("{2150E333-8FDC-42A3-9474-1A3956D46DE8}") = "Microservices", "Microservices", "{A1298F0D-69DE-436A-9D45-437C38BB569C}"
EndProject
Project("{9A19103F-16F7-4668-BE54-9A1E7A4F7556}") = "AlertAPI", "seiu-api\AlertAPI\AlertAPI.csproj", "{C4EE7151-E8E6-4556-BD8C-D127B8573D45}"
EndProject
Project("{9A19103F-16F7-4668-BE54-9A1E7A4F7556}") = "UserCommunicationAPI", "seiu-api\UserComunicationAPI\UserCommunicationAPI.csproj", "{1C096DB3-30CB-4D57-A5BD-859EFD968897}"
EndProject
Project("{9A19103F-16F7-4668-BE54-9A1E7A4F7556}") = "DocumentAPI", "seiu-api\DocumentAPI\DocumentAPI.csproj", "{07701434-AE72-4598-A810-B0C5AA3BEF3E}"
EndProject
Project("{9A19103F-16F7-4668-BE54-9A1E7A4F7556}") = "UserSettingsAPI", "seiu-api\UserSettingAPI\UserSettingsAPI.csproj", "{1BE8CD3D-CE52-46FA-BEBE-6562D65BECE9}"
EndProject
Global
	GlobalSection(SolutionConfigurationPlatforms) = preSolution
		Debug|Any CPU = Debug|Any CPU
		Release|Any CPU = Release|Any CPU
	EndGlobalSection
	GlobalSection(ProjectConfigurationPlatforms) = postSolution
		{915F2147-92B9-4A1C-9930-F96EAFB6539C}.Debug|Any CPU.ActiveCfg = Debug|Any CPU
		{915F2147-92B9-4A1C-9930-F96EAFB6539C}.Debug|Any CPU.Build.0 = Debug|Any CPU
		{915F2147-92B9-4A1C-9930-F96EAFB6539C}.Release|Any CPU.ActiveCfg = Release|Any CPU
		{915F2147-92B9-4A1C-9930-F96EAFB6539C}.Release|Any CPU.Build.0 = Release|Any CPU
		{E8A2EA5A-8CDB-4990-B2DD-A5DAFF849A28}.Debug|Any CPU.ActiveCfg = Debug|Any CPU
		{E8A2EA5A-8CDB-4990-B2DD-A5DAFF849A28}.Debug|Any CPU.Build.0 = Debug|Any CPU
		{E8A2EA5A-8CDB-4990-B2DD-A5DAFF849A28}.Release|Any CPU.ActiveCfg = Release|Any CPU
		{E8A2EA5A-8CDB-4990-B2DD-A5DAFF849A28}.Release|Any CPU.Build.0 = Release|Any CPU
		{2A73A013-A6D9-461A-9752-6B9686C52525}.Debug|Any CPU.ActiveCfg = Debug|Any CPU
		{2A73A013-A6D9-461A-9752-6B9686C52525}.Debug|Any CPU.Build.0 = Debug|Any CPU
		{2A73A013-A6D9-461A-9752-6B9686C52525}.Release|Any CPU.ActiveCfg = Release|Any CPU
		{2A73A013-A6D9-461A-9752-6B9686C52525}.Release|Any CPU.Build.0 = Release|Any CPU
		{DEC03FD6-7654-4E8F-B786-6567E1847A33}.Debug|Any CPU.ActiveCfg = Debug|Any CPU
		{DEC03FD6-7654-4E8F-B786-6567E1847A33}.Debug|Any CPU.Build.0 = Debug|Any CPU
		{DEC03FD6-7654-4E8F-B786-6567E1847A33}.Release|Any CPU.ActiveCfg = Release|Any CPU
		{DEC03FD6-7654-4E8F-B786-6567E1847A33}.Release|Any CPU.Build.0 = Release|Any CPU
		{C4EE7151-E8E6-4556-BD8C-D127B8573D45}.Debug|Any CPU.ActiveCfg = Debug|Any CPU
		{C4EE7151-E8E6-4556-BD8C-D127B8573D45}.Debug|Any CPU.Build.0 = Debug|Any CPU
		{C4EE7151-E8E6-4556-BD8C-D127B8573D45}.Release|Any CPU.ActiveCfg = Release|Any CPU
		{C4EE7151-E8E6-4556-BD8C-D127B8573D45}.Release|Any CPU.Build.0 = Release|Any CPU
		{1C096DB3-30CB-4D57-A5BD-859EFD968897}.Debug|Any CPU.ActiveCfg = Debug|Any CPU
		{1C096DB3-30CB-4D57-A5BD-859EFD968897}.Debug|Any CPU.Build.0 = Debug|Any CPU
		{1C096DB3-30CB-4D57-A5BD-859EFD968897}.Release|Any CPU.ActiveCfg = Release|Any CPU
		{1C096DB3-30CB-4D57-A5BD-859EFD968897}.Release|Any CPU.Build.0 = Release|Any CPU
		{07701434-AE72-4598-A810-B0C5AA3BEF3E}.Debug|Any CPU.ActiveCfg = Debug|Any CPU
		{07701434-AE72-4598-A810-B0C5AA3BEF3E}.Debug|Any CPU.Build.0 = Debug|Any CPU
		{07701434-AE72-4598-A810-B0C5AA3BEF3E}.Release|Any CPU.ActiveCfg = Release|Any CPU
		{07701434-AE72-4598-A810-B0C5AA3BEF3E}.Release|Any CPU.Build.0 = Release|Any CPU
		{1BE8CD3D-CE52-46FA-BEBE-6562D65BECE9}.Debug|Any CPU.ActiveCfg = Debug|Any CPU
		{1BE8CD3D-CE52-46FA-BEBE-6562D65BECE9}.Debug|Any CPU.Build.0 = Debug|Any CPU
		{1BE8CD3D-CE52-46FA-BEBE-6562D65BECE9}.Release|Any CPU.ActiveCfg = Release|Any CPU
		{1BE8CD3D-CE52-46FA-BEBE-6562D65BECE9}.Release|Any CPU.Build.0 = Release|Any CPU
	EndGlobalSection
	GlobalSection(SolutionProperties) = preSolution
		HideSolutionNode = FALSE
	EndGlobalSection
	GlobalSection(NestedProjects) = preSolution
		{915F2147-92B9-4A1C-9930-F96EAFB6539C} = {A7A4D3F6-4624-4A8E-BC31-64AC17994EF0}
		{E8A2EA5A-8CDB-4990-B2DD-A5DAFF849A28} = {A7A4D3F6-4624-4A8E-BC31-64AC17994EF0}
		{2A73A013-A6D9-461A-9752-6B9686C52525} = {78048355-866B-49AB-96AE-C1216D5CE7A0}
		{DEC03FD6-7654-4E8F-B786-6567E1847A33} = {A7A4D3F6-4624-4A8E-BC31-64AC17994EF0}
		{C4EE7151-E8E6-4556-BD8C-D127B8573D45} = {78048355-866B-49AB-96AE-C1216D5CE7A0}
		{1C096DB3-30CB-4D57-A5BD-859EFD968897} = {78048355-866B-49AB-96AE-C1216D5CE7A0}
		{07701434-AE72-4598-A810-B0C5AA3BEF3E} = {78048355-866B-49AB-96AE-C1216D5CE7A0}
		{1BE8CD3D-CE52-46FA-BEBE-6562D65BECE9} = {78048355-866B-49AB-96AE-C1216D5CE7A0}
	EndGlobalSection
	GlobalSection(ExtensibilityGlobals) = postSolution
		SolutionGuid = {1E181182-3293-4C1B-8E4D-7F6B363B42FD}
	EndGlobalSection
EndGlobal
