
Microsoft Visual Studio Solution File, Format Version 12.00
# Visual Studio Version 16
VisualStudioVersion = 16.0.29215.179
MinimumVisualStudioVersion = 10.0.40219.1
Project("{9A19103F-16F7-4668-BE54-9A1E7A4F7556}") = "CommonEntities", "common-entities\CommonEntities.csproj", "{915F2147-92B9-4A1C-9930-F96EAFB6539C}"
EndProject
Project("{9A19103F-16F7-4668-BE54-9A1E7A4F7556}") = "ServiceBusRPC", "..\ServiceBusMessaging\ServiceBusRPC\ServiceBusRPC.csproj", "{E8A2EA5A-8CDB-4990-B2DD-A5DAFF849A28}"
EndProject
Project("{9A19103F-16F7-4668-BE54-9A1E7A4F7556}") = "ExampleRPC", "..\ServiceBusMessaging\Samples\ExampleRPC\ExampleRPC.csproj", "{E5B7684F-EDE7-42A1-991E-891325AE0D66}"
EndProject
Project("{9A19103F-16F7-4668-BE54-9A1E7A4F7556}") = "AuthServiceExample", "..\ServiceBusMessaging\Samples\AuthServiceExample\AuthServiceExample.csproj", "{D8975053-0681-4B47-8C84-DB0B37AEA35B}"
EndProject
Project("{9A19103F-16F7-4668-BE54-9A1E7A4F7556}") = "EntitlementSample", "..\ServiceBusMessaging\Samples\EntitlementSample\EntitlementSample.csproj", "{8E2DA02A-AB1F-4119-AC5B-DF229C3FBF0A}"
EndProject
Project("{9A19103F-16F7-4668-BE54-9A1E7A4F7556}") = "DependentAPI", "seiu-api\DependentsAPI\DependentAPI.csproj", "{2A73A013-A6D9-461A-9752-6B9686C52525}"
EndProject
Project("{9A19103F-16F7-4668-BE54-9A1E7A4F7556}") = "CommonCoreEntities", "CommonCoreEntities\CommonCoreEntities.csproj", "{DEC03FD6-7654-4E8F-B786-6567E1847A33}"
EndProject
Project("{2150E333-8FDC-42A3-9474-1A3956D46DE8}") = "APIs", "APIs", "{78048355-866B-49AB-96AE-C1216D5CE7A0}"
EndProject
Project("{2150E333-8FDC-42A3-9474-1A3956D46DE8}") = "_CommonEntities", "_CommonEntities", "{A7A4D3F6-4624-4A8E-BC31-64AC17994EF0}"
EndProject
Project("{00D1A9C2-B5F0-4AF3-8072-F6C62B433612}") = "seiu-32bj-db", "seiu-32bj-db\seiu-32bj-db.sqlproj", "{7468BB17-1C4A-486A-A4A9-7E4BDA41F0D1}"
EndProject
Project("{2150E333-8FDC-42A3-9474-1A3956D46DE8}") = "Database", "Database", "{C2C882E1-E887-4334-A161-5375D28EB396}"
EndProject
Project("{2150E333-8FDC-42A3-9474-1A3956D46DE8}") = "TestApps", "TestApps", "{F06B54A1-FBFD-45A5-96FC-D9FA503E97B6}"
EndProject
Project("{9A19103F-16F7-4668-BE54-9A1E7A4F7556}") = "AlertAPI", "seiu-api\AlertAPI\AlertAPI.csproj", "{C4EE7151-E8E6-4556-BD8C-D127B8573D45}"
EndProject
Project("{9A19103F-16F7-4668-BE54-9A1E7A4F7556}") = "UserCommunicationAPI", "seiu-api\UserComunicationAPI\UserCommunicationAPI.csproj", "{1C096DB3-30CB-4D57-A5BD-859EFD968897}"
EndProject
Project("{FAE04EC0-301F-11D3-BF4B-00C04F79EFBC}") = "CommonDNNEntities", "CommonDNNEntities\CommonDNNEntities.csproj", "{DD14BD48-F6B4-4F9F-81DE-CE74B81CE006}"
EndProject
Project("{9A19103F-16F7-4668-BE54-9A1E7A4F7556}") = "DocumentAPI", "seiu-api\DocumentAPI\DocumentAPI.csproj", "{0769BB80-B8D4-41BE-9FF3-FA0075219C18}"
EndProject
Project("{9A19103F-16F7-4668-BE54-9A1E7A4F7556}") = "UserSettingsAPI", "seiu-api\UserSettingAPI\UserSettingsAPI.csproj", "{F8CE6BA9-D9B4-441C-AE30-1ADA17F41063}"
EndProject
Project("{9A19103F-16F7-4668-BE54-9A1E7A4F7556}") = "TestChangeUserEmail", "dev-test-apps\TestChangeUserEmail\TestChangeUserEmail.csproj", "{2788639C-FA9E-4E55-85E0-24FB1DFAC9AE}"
EndProject
Project("{9A19103F-16F7-4668-BE54-9A1E7A4F7556}") = "RegistrationFormAPI", "seiu-api\RegistrationFromAPI\RegistrationFormAPI.csproj", "{25867571-45FE-4835-8817-0660D7BD4202}"
EndProject
Project("{9A19103F-16F7-4668-BE54-9A1E7A4F7556}") = "StateAPI", "seiu-api\StateAPI\StateAPI.csproj", "{66A27FAB-9D02-4810-AF2E-36F49708B342}"
EndProject
Project("{9A19103F-16F7-4668-BE54-9A1E7A4F7556}") = "MPPersonAPI", "seiu-api\MPPersonAPI\MPPersonAPI.csproj", "{DAA3E089-B476-44E0-9D1C-8B8B03B90E68}"
EndProject
Project("{9A19103F-16F7-4668-BE54-9A1E7A4F7556}") = "EventAPI", "seiu-api\EventAPI\EventAPI.csproj", "{6D6BA65C-07F0-49F7-BCC0-7E6C741276D8}"
EndProject
Project("{9A19103F-16F7-4668-BE54-9A1E7A4F7556}") = "MPFundJobAPI", "seiu-api\MPFundJobAPI\MPFundJobAPI.csproj", "{E3DDCDB2-1CAD-431F-B954-160DCA9BF3B1}"
EndProject
Project("{9A19103F-16F7-4668-BE54-9A1E7A4F7556}") = "MPEligibilityAPI", "seiu-api\MPEligibilityAPI\MPEligibilityAPI.csproj", "{B97FCE63-76C1-4896-ACCE-A88CB4E2213D}"
EndProject
Project("{9A19103F-16F7-4668-BE54-9A1E7A4F7556}") = "MPProviderAddressAPI", "seiu-api\MPProviderAddressAPI\MPProviderAddressAPI.csproj", "{0F923AFC-1057-431E-B81A-4F235776A3A2}"
EndProject
Project("{9A19103F-16F7-4668-BE54-9A1E7A4F7556}") = "MPKnowledgeArticlesAPI", "seiu-api\MPKnowledgeArticlesAPI\MPKnowledgeArticlesAPI.csproj", "{6FB3EC24-2101-46C6-BF47-0C663A10980E}"
EndProject
Project("{9A19103F-16F7-4668-BE54-9A1E7A4F7556}") = "AdvertAPI", "seiu-api\AdvertAPI\AdvertAPI.csproj", "{749DE5C2-2AE6-4A0F-B29E-E76E43C88ABE}"
EndProject
Project("{9A19103F-16F7-4668-BE54-9A1E7A4F7556}") = "GlobalSearchApi", "seiu-api\GlobalSearchApi\GlobalSearchApi.csproj", "{C4F0D529-86D3-4173-9738-AD2ED47AF679}"
EndProject
Project("{FAE04EC0-301F-11D3-BF4B-00C04F79EFBC}") = "TrainingFund.Shared", "TrainingFundIntegration\TrainingFund.Shared\TrainingFund.Shared.csproj", "{74164DED-15A3-4455-B60D-83BCEEE67E46}"
EndProject
Project("{9A19103F-16F7-4668-BE54-9A1E7A4F7556}") = "TranslationAPI", "TranslationAPI\TranslationAPI.csproj", "{53DD1128-3BB0-4CD7-9216-620F4718FBDD}"
EndProject
Project("{2150E333-8FDC-42A3-9474-1A3956D46DE8}") = "Empire", "Empire", "{875BCF78-27FA-4F92-AAEF-6351453AED00}"
EndProject
Project("{9A19103F-16F7-4668-BE54-9A1E7A4F7556}") = "32BJEmpire", "seiu-api\32BJEmpire\32BJEmpire.csproj", "{323F3EEE-F326-44C5-B7A8-648F592D01C8}"
EndProject
Project("{9A19103F-16F7-4668-BE54-9A1E7A4F7556}") = "StateAPITests", "UnitTests\StateAPITests\StateAPITests.csproj", "{9E62DC36-F1B3-48D7-B616-AA5A68A1C93C}"
EndProject
Project("{9A19103F-16F7-4668-BE54-9A1E7A4F7556}") = "ApiTests", "UnitTests\ApiTests\ApiTests.csproj", "{8285B5CC-C1AE-4FFB-9E33-22655763D704}"
EndProject
Project("{9A19103F-16F7-4668-BE54-9A1E7A4F7556}") = "UnitTests", "seiu-api\UnitTests\UnitTests.csproj", "{2FC1D84B-0F5E-4DA9-9CF7-0459E1160445}"
EndProject
Project("{9A19103F-16F7-4668-BE54-9A1E7A4F7556}") = "Siren", "..\cloudwatch-alerting-sdk\dotnet-sdk\net-standard\src\main\siren\Siren.csproj", "{0A5502FE-6DFE-4D68-A605-7507F31371B3}"
EndProject
Project("{9A19103F-16F7-4668-BE54-9A1E7A4F7556}") = "CommonEntitiesTests", "CommonEntitiesTests\CommonEntitiesTests.csproj", "{38595985-5122-4D01-ADDF-C66CEDB9F824}"
EndProject
Project("{FAE04EC0-301F-11D3-BF4B-00C04F79EFBC}") = "Generators", "Generators\Generators.csproj", "{BC1601C4-1FB6-4EF8-931E-0979E198C630}"
EndProject
Global
	GlobalSection(SolutionConfigurationPlatforms) = preSolution
		Debug|Any CPU = Debug|Any CPU
		Release|Any CPU = Release|Any CPU
	EndGlobalSection
	GlobalSection(ProjectConfigurationPlatforms) = postSolution
		{915F2147-92B9-4A1C-9930-F96EAFB6539C}.Debug|Any CPU.ActiveCfg = Debug|Any CPU
		{915F2147-92B9-4A1C-9930-F96EAFB6539C}.Debug|Any CPU.Build.0 = Debug|Any CPU
		{915F2147-92B9-4A1C-9930-F96EAFB6539C}.Release|Any CPU.ActiveCfg = Release|Any CPU
		{915F2147-92B9-4A1C-9930-F96EAFB6539C}.Release|Any CPU.Build.0 = Release|Any CPU
		{E8A2EA5A-8CDB-4990-B2DD-A5DAFF849A28}.Debug|Any CPU.ActiveCfg = Debug|Any CPU
		{E8A2EA5A-8CDB-4990-B2DD-A5DAFF849A28}.Debug|Any CPU.Build.0 = Debug|Any CPU
		{E8A2EA5A-8CDB-4990-B2DD-A5DAFF849A28}.Release|Any CPU.ActiveCfg = Release|Any CPU
		{E8A2EA5A-8CDB-4990-B2DD-A5DAFF849A28}.Release|Any CPU.Build.0 = Release|Any CPU
		{E5B7684F-EDE7-42A1-991E-891325AE0D66}.Debug|Any CPU.ActiveCfg = Debug|Any CPU
		{E5B7684F-EDE7-42A1-991E-891325AE0D66}.Debug|Any CPU.Build.0 = Debug|Any CPU
		{E5B7684F-EDE7-42A1-991E-891325AE0D66}.Release|Any CPU.ActiveCfg = Release|Any CPU
		{E5B7684F-EDE7-42A1-991E-891325AE0D66}.Release|Any CPU.Build.0 = Release|Any CPU
		{D8975053-0681-4B47-8C84-DB0B37AEA35B}.Debug|Any CPU.ActiveCfg = Debug|Any CPU
		{D8975053-0681-4B47-8C84-DB0B37AEA35B}.Debug|Any CPU.Build.0 = Debug|Any CPU
		{D8975053-0681-4B47-8C84-DB0B37AEA35B}.Release|Any CPU.ActiveCfg = Release|Any CPU
		{D8975053-0681-4B47-8C84-DB0B37AEA35B}.Release|Any CPU.Build.0 = Release|Any CPU
		{8E2DA02A-AB1F-4119-AC5B-DF229C3FBF0A}.Debug|Any CPU.ActiveCfg = Debug|Any CPU
		{8E2DA02A-AB1F-4119-AC5B-DF229C3FBF0A}.Debug|Any CPU.Build.0 = Debug|Any CPU
		{8E2DA02A-AB1F-4119-AC5B-DF229C3FBF0A}.Release|Any CPU.ActiveCfg = Release|Any CPU
		{8E2DA02A-AB1F-4119-AC5B-DF229C3FBF0A}.Release|Any CPU.Build.0 = Release|Any CPU
		{2A73A013-A6D9-461A-9752-6B9686C52525}.Debug|Any CPU.ActiveCfg = Debug|Any CPU
		{2A73A013-A6D9-461A-9752-6B9686C52525}.Debug|Any CPU.Build.0 = Debug|Any CPU
		{2A73A013-A6D9-461A-9752-6B9686C52525}.Release|Any CPU.ActiveCfg = Release|Any CPU
		{2A73A013-A6D9-461A-9752-6B9686C52525}.Release|Any CPU.Build.0 = Release|Any CPU
		{DEC03FD6-7654-4E8F-B786-6567E1847A33}.Debug|Any CPU.ActiveCfg = Debug|Any CPU
		{DEC03FD6-7654-4E8F-B786-6567E1847A33}.Debug|Any CPU.Build.0 = Debug|Any CPU
		{DEC03FD6-7654-4E8F-B786-6567E1847A33}.Release|Any CPU.ActiveCfg = Release|Any CPU
		{DEC03FD6-7654-4E8F-B786-6567E1847A33}.Release|Any CPU.Build.0 = Release|Any CPU
		{7468BB17-1C4A-486A-A4A9-7E4BDA41F0D1}.Debug|Any CPU.ActiveCfg = Debug|Any CPU
		{7468BB17-1C4A-486A-A4A9-7E4BDA41F0D1}.Debug|Any CPU.Build.0 = Debug|Any CPU
		{7468BB17-1C4A-486A-A4A9-7E4BDA41F0D1}.Debug|Any CPU.Deploy.0 = Debug|Any CPU
		{7468BB17-1C4A-486A-A4A9-7E4BDA41F0D1}.Release|Any CPU.ActiveCfg = Release|Any CPU
		{7468BB17-1C4A-486A-A4A9-7E4BDA41F0D1}.Release|Any CPU.Build.0 = Release|Any CPU
		{7468BB17-1C4A-486A-A4A9-7E4BDA41F0D1}.Release|Any CPU.Deploy.0 = Release|Any CPU
		{C4EE7151-E8E6-4556-BD8C-D127B8573D45}.Debug|Any CPU.ActiveCfg = Debug|Any CPU
		{C4EE7151-E8E6-4556-BD8C-D127B8573D45}.Debug|Any CPU.Build.0 = Debug|Any CPU
		{C4EE7151-E8E6-4556-BD8C-D127B8573D45}.Release|Any CPU.ActiveCfg = Release|Any CPU
		{C4EE7151-E8E6-4556-BD8C-D127B8573D45}.Release|Any CPU.Build.0 = Release|Any CPU
		{1C096DB3-30CB-4D57-A5BD-859EFD968897}.Debug|Any CPU.ActiveCfg = Debug|Any CPU
		{1C096DB3-30CB-4D57-A5BD-859EFD968897}.Debug|Any CPU.Build.0 = Debug|Any CPU
		{1C096DB3-30CB-4D57-A5BD-859EFD968897}.Release|Any CPU.ActiveCfg = Release|Any CPU
		{1C096DB3-30CB-4D57-A5BD-859EFD968897}.Release|Any CPU.Build.0 = Release|Any CPU
		{DD14BD48-F6B4-4F9F-81DE-CE74B81CE006}.Debug|Any CPU.ActiveCfg = Debug|Any CPU
		{DD14BD48-F6B4-4F9F-81DE-CE74B81CE006}.Debug|Any CPU.Build.0 = Debug|Any CPU
		{DD14BD48-F6B4-4F9F-81DE-CE74B81CE006}.Release|Any CPU.ActiveCfg = Release|Any CPU
		{DD14BD48-F6B4-4F9F-81DE-CE74B81CE006}.Release|Any CPU.Build.0 = Release|Any CPU
		{0769BB80-B8D4-41BE-9FF3-FA0075219C18}.Debug|Any CPU.ActiveCfg = Debug|Any CPU
		{0769BB80-B8D4-41BE-9FF3-FA0075219C18}.Debug|Any CPU.Build.0 = Debug|Any CPU
		{0769BB80-B8D4-41BE-9FF3-FA0075219C18}.Release|Any CPU.ActiveCfg = Release|Any CPU
		{F8CE6BA9-D9B4-441C-AE30-1ADA17F41063}.Debug|Any CPU.ActiveCfg = Debug|Any CPU
		{F8CE6BA9-D9B4-441C-AE30-1ADA17F41063}.Debug|Any CPU.Build.0 = Debug|Any CPU
		{F8CE6BA9-D9B4-441C-AE30-1ADA17F41063}.Release|Any CPU.ActiveCfg = Release|Any CPU
		{F8CE6BA9-D9B4-441C-AE30-1ADA17F41063}.Release|Any CPU.Build.0 = Release|Any CPU
		{2788639C-FA9E-4E55-85E0-24FB1DFAC9AE}.Debug|Any CPU.ActiveCfg = Debug|Any CPU
		{2788639C-FA9E-4E55-85E0-24FB1DFAC9AE}.Debug|Any CPU.Build.0 = Debug|Any CPU
		{2788639C-FA9E-4E55-85E0-24FB1DFAC9AE}.Release|Any CPU.ActiveCfg = Release|Any CPU
		{2788639C-FA9E-4E55-85E0-24FB1DFAC9AE}.Release|Any CPU.Build.0 = Release|Any CPU
		{25867571-45FE-4835-8817-0660D7BD4202}.Debug|Any CPU.ActiveCfg = Debug|Any CPU
		{25867571-45FE-4835-8817-0660D7BD4202}.Debug|Any CPU.Build.0 = Debug|Any CPU
		{25867571-45FE-4835-8817-0660D7BD4202}.Release|Any CPU.ActiveCfg = Release|Any CPU
		{25867571-45FE-4835-8817-0660D7BD4202}.Release|Any CPU.Build.0 = Release|Any CPU
		{66A27FAB-9D02-4810-AF2E-36F49708B342}.Debug|Any CPU.ActiveCfg = Debug|Any CPU
		{66A27FAB-9D02-4810-AF2E-36F49708B342}.Debug|Any CPU.Build.0 = Debug|Any CPU
		{66A27FAB-9D02-4810-AF2E-36F49708B342}.Release|Any CPU.ActiveCfg = Release|Any CPU
		{66A27FAB-9D02-4810-AF2E-36F49708B342}.Release|Any CPU.Build.0 = Release|Any CPU
		{DAA3E089-B476-44E0-9D1C-8B8B03B90E68}.Debug|Any CPU.ActiveCfg = Debug|Any CPU
		{DAA3E089-B476-44E0-9D1C-8B8B03B90E68}.Debug|Any CPU.Build.0 = Debug|Any CPU
		{DAA3E089-B476-44E0-9D1C-8B8B03B90E68}.Release|Any CPU.ActiveCfg = Release|Any CPU
		{DAA3E089-B476-44E0-9D1C-8B8B03B90E68}.Release|Any CPU.Build.0 = Release|Any CPU
		{6D6BA65C-07F0-49F7-BCC0-7E6C741276D8}.Debug|Any CPU.ActiveCfg = Debug|Any CPU
		{6D6BA65C-07F0-49F7-BCC0-7E6C741276D8}.Debug|Any CPU.Build.0 = Debug|Any CPU
		{6D6BA65C-07F0-49F7-BCC0-7E6C741276D8}.Release|Any CPU.ActiveCfg = Release|Any CPU
		{6D6BA65C-07F0-49F7-BCC0-7E6C741276D8}.Release|Any CPU.Build.0 = Release|Any CPU
		{E3DDCDB2-1CAD-431F-B954-160DCA9BF3B1}.Debug|Any CPU.ActiveCfg = Debug|Any CPU
		{E3DDCDB2-1CAD-431F-B954-160DCA9BF3B1}.Debug|Any CPU.Build.0 = Debug|Any CPU
		{E3DDCDB2-1CAD-431F-B954-160DCA9BF3B1}.Release|Any CPU.ActiveCfg = Release|Any CPU
		{E3DDCDB2-1CAD-431F-B954-160DCA9BF3B1}.Release|Any CPU.Build.0 = Release|Any CPU
		{B97FCE63-76C1-4896-ACCE-A88CB4E2213D}.Debug|Any CPU.ActiveCfg = Debug|Any CPU
		{B97FCE63-76C1-4896-ACCE-A88CB4E2213D}.Debug|Any CPU.Build.0 = Debug|Any CPU
		{B97FCE63-76C1-4896-ACCE-A88CB4E2213D}.Release|Any CPU.ActiveCfg = Release|Any CPU
		{B97FCE63-76C1-4896-ACCE-A88CB4E2213D}.Release|Any CPU.Build.0 = Release|Any CPU
		{0F923AFC-1057-431E-B81A-4F235776A3A2}.Debug|Any CPU.ActiveCfg = Debug|Any CPU
		{0F923AFC-1057-431E-B81A-4F235776A3A2}.Debug|Any CPU.Build.0 = Debug|Any CPU
		{0F923AFC-1057-431E-B81A-4F235776A3A2}.Release|Any CPU.ActiveCfg = Release|Any CPU
		{0F923AFC-1057-431E-B81A-4F235776A3A2}.Release|Any CPU.Build.0 = Release|Any CPU
		{6FB3EC24-2101-46C6-BF47-0C663A10980E}.Debug|Any CPU.ActiveCfg = Debug|Any CPU
		{6FB3EC24-2101-46C6-BF47-0C663A10980E}.Debug|Any CPU.Build.0 = Debug|Any CPU
		{6FB3EC24-2101-46C6-BF47-0C663A10980E}.Release|Any CPU.ActiveCfg = Release|Any CPU
		{6FB3EC24-2101-46C6-BF47-0C663A10980E}.Release|Any CPU.Build.0 = Release|Any CPU
		{749DE5C2-2AE6-4A0F-B29E-E76E43C88ABE}.Debug|Any CPU.ActiveCfg = Debug|Any CPU
		{749DE5C2-2AE6-4A0F-B29E-E76E43C88ABE}.Debug|Any CPU.Build.0 = Debug|Any CPU
		{749DE5C2-2AE6-4A0F-B29E-E76E43C88ABE}.Release|Any CPU.ActiveCfg = Release|Any CPU
		{749DE5C2-2AE6-4A0F-B29E-E76E43C88ABE}.Release|Any CPU.Build.0 = Release|Any CPU
		{C4F0D529-86D3-4173-9738-AD2ED47AF679}.Debug|Any CPU.ActiveCfg = Debug|Any CPU
		{C4F0D529-86D3-4173-9738-AD2ED47AF679}.Debug|Any CPU.Build.0 = Debug|Any CPU
		{C4F0D529-86D3-4173-9738-AD2ED47AF679}.Release|Any CPU.ActiveCfg = Release|Any CPU
		{C4F0D529-86D3-4173-9738-AD2ED47AF679}.Release|Any CPU.Build.0 = Release|Any CPU
		{74164DED-15A3-4455-B60D-83BCEEE67E46}.Debug|Any CPU.ActiveCfg = Debug|Any CPU
		{74164DED-15A3-4455-B60D-83BCEEE67E46}.Debug|Any CPU.Build.0 = Debug|Any CPU
		{74164DED-15A3-4455-B60D-83BCEEE67E46}.Release|Any CPU.ActiveCfg = Release|Any CPU
		{74164DED-15A3-4455-B60D-83BCEEE67E46}.Release|Any CPU.Build.0 = Release|Any CPU
		{53DD1128-3BB0-4CD7-9216-620F4718FBDD}.Debug|Any CPU.ActiveCfg = Debug|Any CPU
		{53DD1128-3BB0-4CD7-9216-620F4718FBDD}.Debug|Any CPU.Build.0 = Debug|Any CPU
		{53DD1128-3BB0-4CD7-9216-620F4718FBDD}.Release|Any CPU.ActiveCfg = Release|Any CPU
		{53DD1128-3BB0-4CD7-9216-620F4718FBDD}.Release|Any CPU.Build.0 = Release|Any CPU
		{323F3EEE-F326-44C5-B7A8-648F592D01C8}.Debug|Any CPU.ActiveCfg = Debug|Any CPU
		{323F3EEE-F326-44C5-B7A8-648F592D01C8}.Debug|Any CPU.Build.0 = Debug|Any CPU
		{323F3EEE-F326-44C5-B7A8-648F592D01C8}.Release|Any CPU.ActiveCfg = Release|Any CPU
		{323F3EEE-F326-44C5-B7A8-648F592D01C8}.Release|Any CPU.Build.0 = Release|Any CPU
		{9E62DC36-F1B3-48D7-B616-AA5A68A1C93C}.Debug|Any CPU.ActiveCfg = Debug|Any CPU
		{9E62DC36-F1B3-48D7-B616-AA5A68A1C93C}.Debug|Any CPU.Build.0 = Debug|Any CPU
		{9E62DC36-F1B3-48D7-B616-AA5A68A1C93C}.Release|Any CPU.ActiveCfg = Release|Any CPU
		{9E62DC36-F1B3-48D7-B616-AA5A68A1C93C}.Release|Any CPU.Build.0 = Release|Any CPU
		{8285B5CC-C1AE-4FFB-9E33-22655763D704}.Debug|Any CPU.ActiveCfg = Debug|Any CPU
		{8285B5CC-C1AE-4FFB-9E33-22655763D704}.Debug|Any CPU.Build.0 = Debug|Any CPU
		{8285B5CC-C1AE-4FFB-9E33-22655763D704}.Release|Any CPU.ActiveCfg = Release|Any CPU
		{8285B5CC-C1AE-4FFB-9E33-22655763D704}.Release|Any CPU.Build.0 = Release|Any CPU
		{2FC1D84B-0F5E-4DA9-9CF7-0459E1160445}.Debug|Any CPU.ActiveCfg = Debug|Any CPU
		{2FC1D84B-0F5E-4DA9-9CF7-0459E1160445}.Debug|Any CPU.Build.0 = Debug|Any CPU
		{2FC1D84B-0F5E-4DA9-9CF7-0459E1160445}.Release|Any CPU.ActiveCfg = Release|Any CPU
		{2FC1D84B-0F5E-4DA9-9CF7-0459E1160445}.Release|Any CPU.Build.0 = Release|Any CPU
		{0A5502FE-6DFE-4D68-A605-7507F31371B3}.Debug|Any CPU.ActiveCfg = Debug|Any CPU
		{0A5502FE-6DFE-4D68-A605-7507F31371B3}.Debug|Any CPU.Build.0 = Debug|Any CPU
		{0A5502FE-6DFE-4D68-A605-7507F31371B3}.Release|Any CPU.ActiveCfg = Release|Any CPU
		{0A5502FE-6DFE-4D68-A605-7507F31371B3}.Release|Any CPU.Build.0 = Release|Any CPU
		{38595985-5122-4D01-ADDF-C66CEDB9F824}.Debug|Any CPU.ActiveCfg = Debug|Any CPU
		{38595985-5122-4D01-ADDF-C66CEDB9F824}.Debug|Any CPU.Build.0 = Debug|Any CPU
		{38595985-5122-4D01-ADDF-C66CEDB9F824}.Release|Any CPU.ActiveCfg = Release|Any CPU
		{38595985-5122-4D01-ADDF-C66CEDB9F824}.Release|Any CPU.Build.0 = Release|Any CPU
		{BC1601C4-1FB6-4EF8-931E-0979E198C630}.Debug|Any CPU.ActiveCfg = Debug|Any CPU
		{BC1601C4-1FB6-4EF8-931E-0979E198C630}.Debug|Any CPU.Build.0 = Debug|Any CPU
		{BC1601C4-1FB6-4EF8-931E-0979E198C630}.Release|Any CPU.ActiveCfg = Release|Any CPU
		{BC1601C4-1FB6-4EF8-931E-0979E198C630}.Release|Any CPU.Build.0 = Release|Any CPU
	EndGlobalSection
	GlobalSection(SolutionProperties) = preSolution
		HideSolutionNode = FALSE
	EndGlobalSection
	GlobalSection(NestedProjects) = preSolution
		{915F2147-92B9-4A1C-9930-F96EAFB6539C} = {A7A4D3F6-4624-4A8E-BC31-64AC17994EF0}
		{E8A2EA5A-8CDB-4990-B2DD-A5DAFF849A28} = {A7A4D3F6-4624-4A8E-BC31-64AC17994EF0}
		{E5B7684F-EDE7-42A1-991E-891325AE0D66} = {F06B54A1-FBFD-45A5-96FC-D9FA503E97B6}
		{D8975053-0681-4B47-8C84-DB0B37AEA35B} = {F06B54A1-FBFD-45A5-96FC-D9FA503E97B6}
		{8E2DA02A-AB1F-4119-AC5B-DF229C3FBF0A} = {F06B54A1-FBFD-45A5-96FC-D9FA503E97B6}
		{2A73A013-A6D9-461A-9752-6B9686C52525} = {78048355-866B-49AB-96AE-C1216D5CE7A0}
		{DEC03FD6-7654-4E8F-B786-6567E1847A33} = {A7A4D3F6-4624-4A8E-BC31-64AC17994EF0}
		{7468BB17-1C4A-486A-A4A9-7E4BDA41F0D1} = {C2C882E1-E887-4334-A161-5375D28EB396}
		{C4EE7151-E8E6-4556-BD8C-D127B8573D45} = {78048355-866B-49AB-96AE-C1216D5CE7A0}
		{1C096DB3-30CB-4D57-A5BD-859EFD968897} = {78048355-866B-49AB-96AE-C1216D5CE7A0}
		{DD14BD48-F6B4-4F9F-81DE-CE74B81CE006} = {A7A4D3F6-4624-4A8E-BC31-64AC17994EF0}
		{0769BB80-B8D4-41BE-9FF3-FA0075219C18} = {78048355-866B-49AB-96AE-C1216D5CE7A0}
		{F8CE6BA9-D9B4-441C-AE30-1ADA17F41063} = {78048355-866B-49AB-96AE-C1216D5CE7A0}
		{2788639C-FA9E-4E55-85E0-24FB1DFAC9AE} = {F06B54A1-FBFD-45A5-96FC-D9FA503E97B6}
		{25867571-45FE-4835-8817-0660D7BD4202} = {78048355-866B-49AB-96AE-C1216D5CE7A0}
		{66A27FAB-9D02-4810-AF2E-36F49708B342} = {78048355-866B-49AB-96AE-C1216D5CE7A0}
		{DAA3E089-B476-44E0-9D1C-8B8B03B90E68} = {78048355-866B-49AB-96AE-C1216D5CE7A0}
		{6D6BA65C-07F0-49F7-BCC0-7E6C741276D8} = {78048355-866B-49AB-96AE-C1216D5CE7A0}
		{E3DDCDB2-1CAD-431F-B954-160DCA9BF3B1} = {78048355-866B-49AB-96AE-C1216D5CE7A0}
		{B97FCE63-76C1-4896-ACCE-A88CB4E2213D} = {78048355-866B-49AB-96AE-C1216D5CE7A0}
		{0F923AFC-1057-431E-B81A-4F235776A3A2} = {78048355-866B-49AB-96AE-C1216D5CE7A0}
		{6FB3EC24-2101-46C6-BF47-0C663A10980E} = {78048355-866B-49AB-96AE-C1216D5CE7A0}
		{749DE5C2-2AE6-4A0F-B29E-E76E43C88ABE} = {78048355-866B-49AB-96AE-C1216D5CE7A0}
		{C4F0D529-86D3-4173-9738-AD2ED47AF679} = {78048355-866B-49AB-96AE-C1216D5CE7A0}
		{74164DED-15A3-4455-B60D-83BCEEE67E46} = {A7A4D3F6-4624-4A8E-BC31-64AC17994EF0}
		{53DD1128-3BB0-4CD7-9216-620F4718FBDD} = {78048355-866B-49AB-96AE-C1216D5CE7A0}
		{875BCF78-27FA-4F92-AAEF-6351453AED00} = {78048355-866B-49AB-96AE-C1216D5CE7A0}
		{323F3EEE-F326-44C5-B7A8-648F592D01C8} = {875BCF78-27FA-4F92-AAEF-6351453AED00}
	EndGlobalSection
	GlobalSection(ExtensibilityGlobals) = postSolution
		SolutionGuid = {1E181182-3293-4C1B-8E4D-7F6B363B42FD}
	EndGlobalSection
EndGlobal
